
Microsoft Visual Studio Solution File, Format Version 12.00
# Visual Studio Version 17
VisualStudioVersion = 17.5.002.0
MinimumVisualStudioVersion = 10.0.40219.1
Project("{9A19103F-16F7-4668-BE54-9A1E7A4F7556}") = "PdfImageExtractor", "PdfImageExtractor.csproj", "{9CF00D68-E0A9-4DA9-8196-6D4EE71DE613}"
EndProject
Global
	GlobalSection(SolutionConfigurationPlatforms) = preSolution
		Debug|Any CPU = Debug|Any CPU
		Release|Any CPU = Release|Any CPU
	EndGlobalSection
	GlobalSection(ProjectConfigurationPlatforms) = postSolution
		{9CF00D68-E0A9-4DA9-8196-6D4EE71DE613}.Debug|Any CPU.ActiveCfg = Debug|Any CPU
		{9CF00D68-E0A9-4DA9-8196-6D4EE71DE613}.Debug|Any CPU.Build.0 = Debug|Any CPU
		{9CF00D68-E0A9-4DA9-8196-6D4EE71DE613}.Release|Any CPU.ActiveCfg = Release|Any CPU
		{9CF00D68-E0A9-4DA9-8196-6D4EE71DE613}.Release|Any CPU.Build.0 = Release|Any CPU
	EndGlobalSection
	GlobalSection(SolutionProperties) = preSolution
		HideSolutionNode = FALSE
	EndGlobalSection
	GlobalSection(ExtensibilityGlobals) = postSolution
		SolutionGuid = {B64332FB-C028-46ED-96D0-981BD3CE5202}
	EndGlobalSection
EndGlobal
